
Microsoft Visual Studio Solution File, Format Version 12.00
# Visual Studio Version 17
VisualStudioVersion = 17.9.34714.143
MinimumVisualStudioVersion = 10.0.40219.1
Project("{FAE04EC0-301F-11D3-BF4B-00C04F79EFBC}") = "Centuries to Minutes C#", "Centuries to Minutes C#.csproj", "{C38B3AA4-DCC3-47C9-AE79-DB718A2D3B4C}"
EndProject
Global
	GlobalSection(SolutionConfigurationPlatforms) = preSolution
		Debug|Any CPU = Debug|Any CPU
		Release|Any CPU = Release|Any CPU
	EndGlobalSection
	GlobalSection(ProjectConfigurationPlatforms) = postSolution
		{C38B3AA4-DCC3-47C9-AE79-DB718A2D3B4C}.Debug|Any CPU.ActiveCfg = Debug|Any CPU
		{C38B3AA4-DCC3-47C9-AE79-DB718A2D3B4C}.Debug|Any CPU.Build.0 = Debug|Any CPU
		{C38B3AA4-DCC3-47C9-AE79-DB718A2D3B4C}.Release|Any CPU.ActiveCfg = Release|Any CPU
		{C38B3AA4-DCC3-47C9-AE79-DB718A2D3B4C}.Release|Any CPU.Build.0 = Release|Any CPU
	EndGlobalSection
	GlobalSection(SolutionProperties) = preSolution
		HideSolutionNode = FALSE
	EndGlobalSection
	GlobalSection(ExtensibilityGlobals) = postSolution
		SolutionGuid = {1FA85D95-C15C-48F2-A9DB-E80AE4A875D4}
	EndGlobalSection
EndGlobal
